
Microsoft Visual Studio Solution File, Format Version 12.00
# Visual Studio Version 16
VisualStudioVersion = 16.0.31005.135
MinimumVisualStudioVersion = 10.0.40219.1
Project("{FAE04EC0-301F-11D3-BF4B-00C04F79EFBC}") = "Data", "Data\Data.csproj", "{BFCCD7BF-4F70-4D77-B187-6F8E44BC9AFA}"
EndProject
Project("{FAE04EC0-301F-11D3-BF4B-00C04F79EFBC}") = "Business", "Business\Business.csproj", "{259172D1-F3A1-4B14-908B-1E6410448764}"
EndProject
Project("{FAE04EC0-301F-11D3-BF4B-00C04F79EFBC}") = "UberAppConsole", "Uber\UberAppConsole.csproj", "{B8DC9E70-130F-4EBB-AC5E-C4DF8A2A288E}"
EndProject
Project("{FAE04EC0-301F-11D3-BF4B-00C04F79EFBC}") = "UberAppForm", "UberAppForm\UberAppForm.csproj", "{60C79EB2-6EAC-4BA2-B656-941EE8A4685F}"
EndProject
Global
	GlobalSection(SolutionConfigurationPlatforms) = preSolution
		Debug|Any CPU = Debug|Any CPU
		Release|Any CPU = Release|Any CPU
	EndGlobalSection
	GlobalSection(ProjectConfigurationPlatforms) = postSolution
		{BFCCD7BF-4F70-4D77-B187-6F8E44BC9AFA}.Debug|Any CPU.ActiveCfg = Debug|Any CPU
		{BFCCD7BF-4F70-4D77-B187-6F8E44BC9AFA}.Debug|Any CPU.Build.0 = Debug|Any CPU
		{BFCCD7BF-4F70-4D77-B187-6F8E44BC9AFA}.Release|Any CPU.ActiveCfg = Release|Any CPU
		{BFCCD7BF-4F70-4D77-B187-6F8E44BC9AFA}.Release|Any CPU.Build.0 = Release|Any CPU
		{259172D1-F3A1-4B14-908B-1E6410448764}.Debug|Any CPU.ActiveCfg = Debug|Any CPU
		{259172D1-F3A1-4B14-908B-1E6410448764}.Debug|Any CPU.Build.0 = Debug|Any CPU
		{259172D1-F3A1-4B14-908B-1E6410448764}.Release|Any CPU.ActiveCfg = Release|Any CPU
		{259172D1-F3A1-4B14-908B-1E6410448764}.Release|Any CPU.Build.0 = Release|Any CPU
		{B8DC9E70-130F-4EBB-AC5E-C4DF8A2A288E}.Debug|Any CPU.ActiveCfg = Debug|Any CPU
		{B8DC9E70-130F-4EBB-AC5E-C4DF8A2A288E}.Debug|Any CPU.Build.0 = Debug|Any CPU
		{B8DC9E70-130F-4EBB-AC5E-C4DF8A2A288E}.Release|Any CPU.ActiveCfg = Release|Any CPU
		{B8DC9E70-130F-4EBB-AC5E-C4DF8A2A288E}.Release|Any CPU.Build.0 = Release|Any CPU
		{60C79EB2-6EAC-4BA2-B656-941EE8A4685F}.Debug|Any CPU.ActiveCfg = Debug|Any CPU
		{60C79EB2-6EAC-4BA2-B656-941EE8A4685F}.Debug|Any CPU.Build.0 = Debug|Any CPU
		{60C79EB2-6EAC-4BA2-B656-941EE8A4685F}.Release|Any CPU.ActiveCfg = Release|Any CPU
		{60C79EB2-6EAC-4BA2-B656-941EE8A4685F}.Release|Any CPU.Build.0 = Release|Any CPU
	EndGlobalSection
	GlobalSection(SolutionProperties) = preSolution
		HideSolutionNode = FALSE
	EndGlobalSection
	GlobalSection(ExtensibilityGlobals) = postSolution
		SolutionGuid = {1ECAB888-2BE6-4B5F-B62D-482725E021E2}
	EndGlobalSection
EndGlobal
